
Microsoft Visual Studio Solution File, Format Version 12.00
# Visual Studio 15
VisualStudioVersion = 15.0.27703.2035
MinimumVisualStudioVersion = 10.0.40219.1
Project("{FAE04EC0-301F-11D3-BF4B-00C04F79EFBC}") = "Task01", "Task01\Task01.csproj", "{97CA72F6-7878-4FF5-AFD7-75CCE1B9B644}"
EndProject
Project("{FAE04EC0-301F-11D3-BF4B-00C04F79EFBC}") = "Task02", "Task02\Task02.csproj", "{C1DC98EB-9010-4474-9184-138B8CC02933}"
EndProject
Project("{FAE04EC0-301F-11D3-BF4B-00C04F79EFBC}") = "Task03", "Task03\Task03.csproj", "{50EDD0AE-CBA0-45C0-B8F0-F059E7868423}"
EndProject
Project("{FAE04EC0-301F-11D3-BF4B-00C04F79EFBC}") = "Task04", "Task04\Task04.csproj", "{CDA07967-0E7C-4A14-AB74-5A30DFC16C97}"
EndProject
Global
	GlobalSection(SolutionConfigurationPlatforms) = preSolution
		Debug|Any CPU = Debug|Any CPU
		Release|Any CPU = Release|Any CPU
		run|Any CPU = run|Any CPU
	EndGlobalSection
	GlobalSection(ProjectConfigurationPlatforms) = postSolution
		{97CA72F6-7878-4FF5-AFD7-75CCE1B9B644}.Debug|Any CPU.ActiveCfg = Debug|Any CPU
		{97CA72F6-7878-4FF5-AFD7-75CCE1B9B644}.Debug|Any CPU.Build.0 = Debug|Any CPU
		{97CA72F6-7878-4FF5-AFD7-75CCE1B9B644}.Release|Any CPU.ActiveCfg = Release|Any CPU
		{97CA72F6-7878-4FF5-AFD7-75CCE1B9B644}.Release|Any CPU.Build.0 = Release|Any CPU
		{97CA72F6-7878-4FF5-AFD7-75CCE1B9B644}.run|Any CPU.ActiveCfg = run|Any CPU
		{97CA72F6-7878-4FF5-AFD7-75CCE1B9B644}.run|Any CPU.Build.0 = run|Any CPU
		{C1DC98EB-9010-4474-9184-138B8CC02933}.Debug|Any CPU.ActiveCfg = Debug|Any CPU
		{C1DC98EB-9010-4474-9184-138B8CC02933}.Debug|Any CPU.Build.0 = Debug|Any CPU
		{C1DC98EB-9010-4474-9184-138B8CC02933}.Release|Any CPU.ActiveCfg = Release|Any CPU
		{C1DC98EB-9010-4474-9184-138B8CC02933}.Release|Any CPU.Build.0 = Release|Any CPU
		{C1DC98EB-9010-4474-9184-138B8CC02933}.run|Any CPU.ActiveCfg = Release|Any CPU
		{C1DC98EB-9010-4474-9184-138B8CC02933}.run|Any CPU.Build.0 = Release|Any CPU
		{50EDD0AE-CBA0-45C0-B8F0-F059E7868423}.Debug|Any CPU.ActiveCfg = Debug|Any CPU
		{50EDD0AE-CBA0-45C0-B8F0-F059E7868423}.Debug|Any CPU.Build.0 = Debug|Any CPU
		{50EDD0AE-CBA0-45C0-B8F0-F059E7868423}.Release|Any CPU.ActiveCfg = Release|Any CPU
		{50EDD0AE-CBA0-45C0-B8F0-F059E7868423}.Release|Any CPU.Build.0 = Release|Any CPU
		{50EDD0AE-CBA0-45C0-B8F0-F059E7868423}.run|Any CPU.ActiveCfg = Release|Any CPU
		{50EDD0AE-CBA0-45C0-B8F0-F059E7868423}.run|Any CPU.Build.0 = Release|Any CPU
		{CDA07967-0E7C-4A14-AB74-5A30DFC16C97}.Debug|Any CPU.ActiveCfg = Debug|Any CPU
		{CDA07967-0E7C-4A14-AB74-5A30DFC16C97}.Debug|Any CPU.Build.0 = Debug|Any CPU
		{CDA07967-0E7C-4A14-AB74-5A30DFC16C97}.Release|Any CPU.ActiveCfg = Release|Any CPU
		{CDA07967-0E7C-4A14-AB74-5A30DFC16C97}.Release|Any CPU.Build.0 = Release|Any CPU
		{CDA07967-0E7C-4A14-AB74-5A30DFC16C97}.run|Any CPU.ActiveCfg = Release|Any CPU
		{CDA07967-0E7C-4A14-AB74-5A30DFC16C97}.run|Any CPU.Build.0 = Release|Any CPU
	EndGlobalSection
	GlobalSection(SolutionProperties) = preSolution
		HideSolutionNode = FALSE
	EndGlobalSection
	GlobalSection(ExtensibilityGlobals) = postSolution
		SolutionGuid = {DF68D3D6-66E9-42A3-A334-57A439BEFE15}
	EndGlobalSection
EndGlobal
